
Microsoft Visual Studio Solution File, Format Version 12.00
# Visual Studio Version 17
VisualStudioVersion = 17.14.36511.14 d17.14
MinimumVisualStudioVersion = 10.0.40219.1
Project("{FAE04EC0-301F-11D3-BF4B-00C04F79EFBC}") = "lab5", "lab5\lab5.csproj", "{6F61736A-5DAA-4A2A-847B-E2A08305542F}"
EndProject
Global
	GlobalSection(SolutionConfigurationPlatforms) = preSolution
		Debug|Any CPU = Debug|Any CPU
		Release|Any CPU = Release|Any CPU
	EndGlobalSection
	GlobalSection(ProjectConfigurationPlatforms) = postSolution
		{6F61736A-5DAA-4A2A-847B-E2A08305542F}.Debug|Any CPU.ActiveCfg = Debug|Any CPU
		{6F61736A-5DAA-4A2A-847B-E2A08305542F}.Debug|Any CPU.Build.0 = Debug|Any CPU
		{6F61736A-5DAA-4A2A-847B-E2A08305542F}.Release|Any CPU.ActiveCfg = Release|Any CPU
		{6F61736A-5DAA-4A2A-847B-E2A08305542F}.Release|Any CPU.Build.0 = Release|Any CPU
	EndGlobalSection
	GlobalSection(SolutionProperties) = preSolution
		HideSolutionNode = FALSE
	EndGlobalSection
	GlobalSection(ExtensibilityGlobals) = postSolution
		SolutionGuid = {BB06A140-C3CF-4355-ADC2-F45AFDBC8F13}
	EndGlobalSection
EndGlobal
