
Microsoft Visual Studio Solution File, Format Version 12.00
# Visual Studio Version 17
VisualStudioVersion = 17.14.36511.14 d17.14
MinimumVisualStudioVersion = 10.0.40219.1
Project("{FAE04EC0-301F-11D3-BF4B-00C04F79EFBC}") = "lab6", "lab6\lab6.csproj", "{BF44D66F-5318-4FD4-BCFD-25F6A5BACD2D}"
EndProject
Global
	GlobalSection(SolutionConfigurationPlatforms) = preSolution
		Debug|Any CPU = Debug|Any CPU
		Release|Any CPU = Release|Any CPU
	EndGlobalSection
	GlobalSection(ProjectConfigurationPlatforms) = postSolution
		{BF44D66F-5318-4FD4-BCFD-25F6A5BACD2D}.Debug|Any CPU.ActiveCfg = Debug|Any CPU
		{BF44D66F-5318-4FD4-BCFD-25F6A5BACD2D}.Debug|Any CPU.Build.0 = Debug|Any CPU
		{BF44D66F-5318-4FD4-BCFD-25F6A5BACD2D}.Release|Any CPU.ActiveCfg = Release|Any CPU
		{BF44D66F-5318-4FD4-BCFD-25F6A5BACD2D}.Release|Any CPU.Build.0 = Release|Any CPU
	EndGlobalSection
	GlobalSection(SolutionProperties) = preSolution
		HideSolutionNode = FALSE
	EndGlobalSection
	GlobalSection(ExtensibilityGlobals) = postSolution
		SolutionGuid = {D464AE1A-3CCC-4938-9069-E9EF1D2B132B}
	EndGlobalSection
EndGlobal
