
Microsoft Visual Studio Solution File, Format Version 12.00
# Visual Studio Version 17
VisualStudioVersion = 17.14.36511.14 d17.14
MinimumVisualStudioVersion = 10.0.40219.1
Project("{FAE04EC0-301F-11D3-BF4B-00C04F79EFBC}") = "labb2", "labb2\labb2.csproj", "{BB072C7D-82BB-4E17-9C62-6F5F01FE5862}"
EndProject
Global
	GlobalSection(SolutionConfigurationPlatforms) = preSolution
		Debug|Any CPU = Debug|Any CPU
		Release|Any CPU = Release|Any CPU
	EndGlobalSection
	GlobalSection(ProjectConfigurationPlatforms) = postSolution
		{BB072C7D-82BB-4E17-9C62-6F5F01FE5862}.Debug|Any CPU.ActiveCfg = Debug|Any CPU
		{BB072C7D-82BB-4E17-9C62-6F5F01FE5862}.Debug|Any CPU.Build.0 = Debug|Any CPU
		{BB072C7D-82BB-4E17-9C62-6F5F01FE5862}.Release|Any CPU.ActiveCfg = Release|Any CPU
		{BB072C7D-82BB-4E17-9C62-6F5F01FE5862}.Release|Any CPU.Build.0 = Release|Any CPU
	EndGlobalSection
	GlobalSection(SolutionProperties) = preSolution
		HideSolutionNode = FALSE
	EndGlobalSection
	GlobalSection(ExtensibilityGlobals) = postSolution
		SolutionGuid = {75F42750-0E29-4E74-858E-BEBB944B33F6}
	EndGlobalSection
EndGlobal
